github.com/paulmach/go.geojson v1.5.0 h1:7mhpMK89SQdHFcEGomT7/LuJhwhEgfmpWYVlVmLEdQw=
github.com/paulmach/go.geojson v1.5.0/go.mod h1:DgdUy2rRVDDVgKqrjMe2vZAHMfhDTrjVKt3LmHIXGbU=
github.com/tidwall/gjson v1.14.2/go.mod h1:/wbyibRr2FHMks5tjHJ5F8dMZh3AcwJEMf5vlfC0lxk=
github.com/tidwall/gjson v1.14.4 h1:uo0p8EbA09J7RQaflQ1aBRffTR7xedD2bcIVSYxLnkM=
github.com/tidwall/gjson v1.14.4/go.mod h1:/wbyibRr2FHMks5tjHJ5F8dMZh3AcwJEMf5vlfC0lxk=
github.com/tidwall/match v1.1.1 h1:+Ho715JplO36QYgwN9PGYNhgZvoUSc9X2c80KVTi+GA=
github.com/tidwall/match v1.1.1/go.mod h1:eRSPERbgtNPcGhD8UCthc6PmLEQXEWd3PRB5JTxsfmM=
github.com/tidwall/pretty v1.2.0 h1:RWIZEg2iJ8/g6fDDYzMpobmaoGh5OLl4AXtGUGPcqCs=
github.com/tidwall/pretty v1.2.0/go.mod h1:ITEVvHYasfjBbM0u2Pg8T2nJnzm8xPwvNhhsoaGGjNU=
github.com/tidwall/sjson v1.2.5 h1:kLy8mja+1c9jlljvWTlSazM7cKDRfJuR/bOJhcY5NcY=
github.com/tidwall/sjson v1.2.5/go.mod h1:Fvgq9kS/6ociJEDnK0Fk1cpYF4FIW6ZF7LAe+6jwd28=
github.com/tomchavakis/geojson v0.0.5 h1:4A2lVdwhKurcjxhozIkXIZLzQl4Cdhh4zyIBtvcW6oE=
github.com/tomchavakis/geojson v0.0.5/go.mod h1:cV7rPpWhNXW+WnHlIo3od3KKfiekyVqe0gG2N+krlB4=
github.com/tomchavakis/turf-go v0.0.5 h1:+kQafGVE5slB/Q0iKA2q3bl0sSsi4xJsmCLn2IR3jsw=
github.com/tomchavakis/turf-go v0.0.5/go.mod h1:YFsD+j5apnndklbjzrRUYhOiMaGZmjX7PQHHRA4ezMI=
github.com/twpayne/go-geom v1.5.2 h1:LyRfBX2W0LM7XN/bGqX0XxrJ7SZc3XwmxU4aj4kSoxw=
github.com/twpayne/go-geom v1.5.2/go.mod h1:3z6O2sAnGtGCXx4Q+5nPOLCA5e8WI2t3cthdb1P2HH8=
